
Microsoft Visual Studio Solution File, Format Version 12.00
# Visual Studio Version 16
VisualStudioVersion = 16.0.31515.178
MinimumVisualStudioVersion = 10.0.40219.1
Project("{FAE04EC0-301F-11D3-BF4B-00C04F79EFBC}") = "P", "P\P.csproj", "{85296CC1-D3E7-4C9B-A36E-FB66BFF228B3}"
EndProject
Global
	GlobalSection(SolutionConfigurationPlatforms) = preSolution
		Debug|Any CPU = Debug|Any CPU
		Release|Any CPU = Release|Any CPU
	EndGlobalSection
	GlobalSection(ProjectConfigurationPlatforms) = postSolution
		{85296CC1-D3E7-4C9B-A36E-FB66BFF228B3}.Debug|Any CPU.ActiveCfg = Debug|Any CPU
		{85296CC1-D3E7-4C9B-A36E-FB66BFF228B3}.Debug|Any CPU.Build.0 = Debug|Any CPU
		{85296CC1-D3E7-4C9B-A36E-FB66BFF228B3}.Release|Any CPU.ActiveCfg = Release|Any CPU
		{85296CC1-D3E7-4C9B-A36E-FB66BFF228B3}.Release|Any CPU.Build.0 = Release|Any CPU
	EndGlobalSection
	GlobalSection(SolutionProperties) = preSolution
		HideSolutionNode = FALSE
	EndGlobalSection
	GlobalSection(ExtensibilityGlobals) = postSolution
		SolutionGuid = {4E5735A9-87CF-4962-8ABD-7ADEEA3BBAF2}
	EndGlobalSection
EndGlobal
